
Microsoft Visual Studio Solution File, Format Version 12.00
# Visual Studio Version 16
VisualStudioVersion = 16.0.30011.22
MinimumVisualStudioVersion = 10.0.40219.1
Project("{FAE04EC0-301F-11D3-BF4B-00C04F79EFBC}") = "Architect_Arithmetic", "Architect_Arithmetic\Architect_Arithmetic.csproj", "{02FD66A8-D9DC-420F-B2E0-A619753EEF7F}"
EndProject
Global
	GlobalSection(SolutionConfigurationPlatforms) = preSolution
		Debug|Any CPU = Debug|Any CPU
		Release|Any CPU = Release|Any CPU
	EndGlobalSection
	GlobalSection(ProjectConfigurationPlatforms) = postSolution
		{02FD66A8-D9DC-420F-B2E0-A619753EEF7F}.Debug|Any CPU.ActiveCfg = Debug|Any CPU
		{02FD66A8-D9DC-420F-B2E0-A619753EEF7F}.Debug|Any CPU.Build.0 = Debug|Any CPU
		{02FD66A8-D9DC-420F-B2E0-A619753EEF7F}.Release|Any CPU.ActiveCfg = Release|Any CPU
		{02FD66A8-D9DC-420F-B2E0-A619753EEF7F}.Release|Any CPU.Build.0 = Release|Any CPU
	EndGlobalSection
	GlobalSection(SolutionProperties) = preSolution
		HideSolutionNode = FALSE
	EndGlobalSection
	GlobalSection(ExtensibilityGlobals) = postSolution
		SolutionGuid = {7EC34A7C-9F76-4B54-94CE-A60ED11940E6}
	EndGlobalSection
EndGlobal
